// !$*UTF8*$!
{
	archiveVersion = 1;
	classes = {
	};
	objectVersion = 46;
	objects = {

/* Begin PBXBuildFile section */
		2B4DEB86D9373156F57CD0BA /* Pods_Delivery_Tracker.framework in Frameworks */ = {isa = PBXBuildFile; fileRef = 7C9BFF9394937638F4F077C1 /* Pods_Delivery_Tracker.framework */; };
		4849EFBB489A9F8E9273AC7F /* Pods_Delivery_TrackerTests.framework in Frameworks */ = {isa = PBXBuildFile; fileRef = EFD4894D3A538269E2BF6F8E /* Pods_Delivery_TrackerTests.framework */; };
		49742CAB1EA65880000D9F09 /* AppDelegate.swift in Sources */ = {isa = PBXBuildFile; fileRef = 49742CAA1EA65880000D9F09 /* AppDelegate.swift */; };
		49742CAD1EA65880000D9F09 /* FirstViewController.swift in Sources */ = {isa = PBXBuildFile; fileRef = 49742CAC1EA65880000D9F09 /* FirstViewController.swift */; };
		49742CAF1EA65880000D9F09 /* SecondViewController.swift in Sources */ = {isa = PBXBuildFile; fileRef = 49742CAE1EA65880000D9F09 /* SecondViewController.swift */; };
		49742CB21EA65880000D9F09 /* Main.storyboard in Resources */ = {isa = PBXBuildFile; fileRef = 49742CB01EA65880000D9F09 /* Main.storyboard */; };
		49742CB41EA65880000D9F09 /* Assets.xcassets in Resources */ = {isa = PBXBuildFile; fileRef = 49742CB31EA65880000D9F09 /* Assets.xcassets */; };
		49742CB71EA65880000D9F09 /* LaunchScreen.storyboard in Resources */ = {isa = PBXBuildFile; fileRef = 49742CB51EA65880000D9F09 /* LaunchScreen.storyboard */; };
		49742CC21EA65881000D9F09 /* Delivery_TrackerTests.swift in Sources */ = {isa = PBXBuildFile; fileRef = 49742CC11EA65881000D9F09 /* Delivery_TrackerTests.swift */; };
		49742CCD1EA65881000D9F09 /* Delivery_TrackerUITests.swift in Sources */ = {isa = PBXBuildFile; fileRef = 49742CCC1EA65881000D9F09 /* Delivery_TrackerUITests.swift */; };
		499C81781EA7D8E20060C252 /* LoginViewController.swift in Sources */ = {isa = PBXBuildFile; fileRef = 499C81771EA7D8E20060C252 /* LoginViewController.swift */; };
		499C817A1EA7ED700060C252 /* CreateAccountViewController.swift in Sources */ = {isa = PBXBuildFile; fileRef = 499C81791EA7ED700060C252 /* CreateAccountViewController.swift */; };
		49FE6E3D1EA9766700C11871 /* LoginView.swift in Sources */ = {isa = PBXBuildFile; fileRef = 49FE6E3C1EA9766700C11871 /* LoginView.swift */; };
		9399046B121F54C1F7274CC4 /* Pods_Delivery_TrackerUITests.framework in Frameworks */ = {isa = PBXBuildFile; fileRef = 2ED9D56E8AE538B0F212ECA1 /* Pods_Delivery_TrackerUITests.framework */; };
/* End PBXBuildFile section */

/* Begin PBXContainerItemProxy section */
		49742CBE1EA65881000D9F09 /* PBXContainerItemProxy */ = {
			isa = PBXContainerItemProxy;
			containerPortal = 49742C9F1EA65880000D9F09 /* Project object */;
			proxyType = 1;
			remoteGlobalIDString = 49742CA61EA65880000D9F09;
			remoteInfo = "Delivery Tracker";
		};
		49742CC91EA65881000D9F09 /* PBXContainerItemProxy */ = {
			isa = PBXContainerItemProxy;
			containerPortal = 49742C9F1EA65880000D9F09 /* Project object */;
			proxyType = 1;
			remoteGlobalIDString = 49742CA61EA65880000D9F09;
			remoteInfo = "Delivery Tracker";
		};
/* End PBXContainerItemProxy section */

/* Begin PBXFileReference section */
		092B3AF0913C636495194420 /* Pods-Delivery TrackerUITests.release.xcconfig */ = {isa = PBXFileReference; includeInIndex = 1; lastKnownFileType = text.xcconfig; name = "Pods-Delivery TrackerUITests.release.xcconfig"; path = "Pods/Target Support Files/Pods-Delivery TrackerUITests/Pods-Delivery TrackerUITests.release.xcconfig"; sourceTree = "<group>"; };
		15DB13B4B9A610BAA4416B3B /* Pods-Delivery TrackerTests.debug.xcconfig */ = {isa = PBXFileReference; includeInIndex = 1; lastKnownFileType = text.xcconfig; name = "Pods-Delivery TrackerTests.debug.xcconfig"; path = "Pods/Target Support Files/Pods-Delivery TrackerTests/Pods-Delivery TrackerTests.debug.xcconfig"; sourceTree = "<group>"; };
		2ED9D56E8AE538B0F212ECA1 /* Pods_Delivery_TrackerUITests.framework */ = {isa = PBXFileReference; explicitFileType = wrapper.framework; includeInIndex = 0; path = Pods_Delivery_TrackerUITests.framework; sourceTree = BUILT_PRODUCTS_DIR; };
		49742CA71EA65880000D9F09 /* Delivery Tracker.app */ = {isa = PBXFileReference; explicitFileType = wrapper.application; includeInIndex = 0; path = "Delivery Tracker.app"; sourceTree = BUILT_PRODUCTS_DIR; };
		49742CAA1EA65880000D9F09 /* AppDelegate.swift */ = {isa = PBXFileReference; lastKnownFileType = sourcecode.swift; path = AppDelegate.swift; sourceTree = "<group>"; };
		49742CAC1EA65880000D9F09 /* FirstViewController.swift */ = {isa = PBXFileReference; lastKnownFileType = sourcecode.swift; path = FirstViewController.swift; sourceTree = "<group>"; };
		49742CAE1EA65880000D9F09 /* SecondViewController.swift */ = {isa = PBXFileReference; lastKnownFileType = sourcecode.swift; path = SecondViewController.swift; sourceTree = "<group>"; };
		49742CB11EA65880000D9F09 /* Base */ = {isa = PBXFileReference; lastKnownFileType = file.storyboard; name = Base; path = Base.lproj/Main.storyboard; sourceTree = "<group>"; };
		49742CB31EA65880000D9F09 /* Assets.xcassets */ = {isa = PBXFileReference; lastKnownFileType = folder.assetcatalog; path = Assets.xcassets; sourceTree = "<group>"; };
		49742CB61EA65880000D9F09 /* Base */ = {isa = PBXFileReference; lastKnownFileType = file.storyboard; name = Base; path = Base.lproj/LaunchScreen.storyboard; sourceTree = "<group>"; };
		49742CB81EA65880000D9F09 /* Info.plist */ = {isa = PBXFileReference; lastKnownFileType = text.plist.xml; path = Info.plist; sourceTree = "<group>"; };
		49742CBD1EA65881000D9F09 /* Delivery TrackerTests.xctest */ = {isa = PBXFileReference; explicitFileType = wrapper.cfbundle; includeInIndex = 0; path = "Delivery TrackerTests.xctest"; sourceTree = BUILT_PRODUCTS_DIR; };
		49742CC11EA65881000D9F09 /* Delivery_TrackerTests.swift */ = {isa = PBXFileReference; lastKnownFileType = sourcecode.swift; path = Delivery_TrackerTests.swift; sourceTree = "<group>"; };
		49742CC31EA65881000D9F09 /* Info.plist */ = {isa = PBXFileReference; lastKnownFileType = text.plist.xml; path = Info.plist; sourceTree = "<group>"; };
		49742CC81EA65881000D9F09 /* Delivery TrackerUITests.xctest */ = {isa = PBXFileReference; explicitFileType = wrapper.cfbundle; includeInIndex = 0; path = "Delivery TrackerUITests.xctest"; sourceTree = BUILT_PRODUCTS_DIR; };
		49742CCC1EA65881000D9F09 /* Delivery_TrackerUITests.swift */ = {isa = PBXFileReference; lastKnownFileType = sourcecode.swift; path = Delivery_TrackerUITests.swift; sourceTree = "<group>"; };
		49742CCE1EA65881000D9F09 /* Info.plist */ = {isa = PBXFileReference; lastKnownFileType = text.plist.xml; path = Info.plist; sourceTree = "<group>"; };
		499C81771EA7D8E20060C252 /* LoginViewController.swift */ = {isa = PBXFileReference; fileEncoding = 4; lastKnownFileType = sourcecode.swift; path = LoginViewController.swift; sourceTree = "<group>"; };
		499C81791EA7ED700060C252 /* CreateAccountViewController.swift */ = {isa = PBXFileReference; fileEncoding = 4; lastKnownFileType = sourcecode.swift; path = CreateAccountViewController.swift; sourceTree = "<group>"; };
		49FE6E3C1EA9766700C11871 /* LoginView.swift */ = {isa = PBXFileReference; fileEncoding = 4; lastKnownFileType = sourcecode.swift; path = LoginView.swift; sourceTree = "<group>"; };
		736449B6562396F37E292812 /* Pods-Delivery TrackerTests.release.xcconfig */ = {isa = PBXFileReference; includeInIndex = 1; lastKnownFileType = text.xcconfig; name = "Pods-Delivery TrackerTests.release.xcconfig"; path = "Pods/Target Support Files/Pods-Delivery TrackerTests/Pods-Delivery TrackerTests.release.xcconfig"; sourceTree = "<group>"; };
		7C9BFF9394937638F4F077C1 /* Pods_Delivery_Tracker.framework */ = {isa = PBXFileReference; explicitFileType = wrapper.framework; includeInIndex = 0; path = Pods_Delivery_Tracker.framework; sourceTree = BUILT_PRODUCTS_DIR; };
		D7192919EEB3487749920A3B /* Pods-Delivery Tracker.release.xcconfig */ = {isa = PBXFileReference; includeInIndex = 1; lastKnownFileType = text.xcconfig; name = "Pods-Delivery Tracker.release.xcconfig"; path = "Pods/Target Support Files/Pods-Delivery Tracker/Pods-Delivery Tracker.release.xcconfig"; sourceTree = "<group>"; };
		E3138875A533FC36EF0E31F8 /* Pods-Delivery TrackerUITests.debug.xcconfig */ = {isa = PBXFileReference; includeInIndex = 1; lastKnownFileType = text.xcconfig; name = "Pods-Delivery TrackerUITests.debug.xcconfig"; path = "Pods/Target Support Files/Pods-Delivery TrackerUITests/Pods-Delivery TrackerUITests.debug.xcconfig"; sourceTree = "<group>"; };
		E52489DF83CE8373399228ED /* Pods-Delivery Tracker.debug.xcconfig */ = {isa = PBXFileReference; includeInIndex = 1; lastKnownFileType = text.xcconfig; name = "Pods-Delivery Tracker.debug.xcconfig"; path = "Pods/Target Support Files/Pods-Delivery Tracker/Pods-Delivery Tracker.debug.xcconfig"; sourceTree = "<group>"; };
		EFD4894D3A538269E2BF6F8E /* Pods_Delivery_TrackerTests.framework */ = {isa = PBXFileReference; explicitFileType = wrapper.framework; includeInIndex = 0; path = Pods_Delivery_TrackerTests.framework; sourceTree = BUILT_PRODUCTS_DIR; };
/* End PBXFileReference section */

/* Begin PBXFrameworksBuildPhase section */
		49742CA41EA65880000D9F09 /* Frameworks */ = {
			isa = PBXFrameworksBuildPhase;
			buildActionMask = 2147483647;
			files = (
				2B4DEB86D9373156F57CD0BA /* Pods_Delivery_Tracker.framework in Frameworks */,
			);
			runOnlyForDeploymentPostprocessing = 0;
		};
		49742CBA1EA65881000D9F09 /* Frameworks */ = {
			isa = PBXFrameworksBuildPhase;
			buildActionMask = 2147483647;
			files = (
				4849EFBB489A9F8E9273AC7F /* Pods_Delivery_TrackerTests.framework in Frameworks */,
			);
			runOnlyForDeploymentPostprocessing = 0;
		};
		49742CC51EA65881000D9F09 /* Frameworks */ = {
			isa = PBXFrameworksBuildPhase;
			buildActionMask = 2147483647;
			files = (
				9399046B121F54C1F7274CC4 /* Pods_Delivery_TrackerUITests.framework in Frameworks */,
			);
			runOnlyForDeploymentPostprocessing = 0;
		};
/* End PBXFrameworksBuildPhase section */

/* Begin PBXGroup section */
		1A2836431676395738601652 /* Frameworks */ = {
			isa = PBXGroup;
			children = (
				7C9BFF9394937638F4F077C1 /* Pods_Delivery_Tracker.framework */,
				EFD4894D3A538269E2BF6F8E /* Pods_Delivery_TrackerTests.framework */,
				2ED9D56E8AE538B0F212ECA1 /* Pods_Delivery_TrackerUITests.framework */,
			);
			name = Frameworks;
			sourceTree = "<group>";
		};
		49742C9E1EA65880000D9F09 = {
			isa = PBXGroup;
			children = (
				49742CA91EA65880000D9F09 /* Delivery Tracker */,
				49742CC01EA65881000D9F09 /* Delivery TrackerTests */,
				49742CCB1EA65881000D9F09 /* Delivery TrackerUITests */,
				49742CA81EA65880000D9F09 /* Products */,
				7214599A7F1C123977D4EA1F /* Pods */,
				1A2836431676395738601652 /* Frameworks */,
			);
			sourceTree = "<group>";
		};
		49742CA81EA65880000D9F09 /* Products */ = {
			isa = PBXGroup;
			children = (
				49742CA71EA65880000D9F09 /* Delivery Tracker.app */,
				49742CBD1EA65881000D9F09 /* Delivery TrackerTests.xctest */,
				49742CC81EA65881000D9F09 /* Delivery TrackerUITests.xctest */,
			);
			name = Products;
			sourceTree = "<group>";
		};
		49742CA91EA65880000D9F09 /* Delivery Tracker */ = {
			isa = PBXGroup;
			children = (
				49742CAA1EA65880000D9F09 /* AppDelegate.swift */,
				49742CAC1EA65880000D9F09 /* FirstViewController.swift */,
				49742CAE1EA65880000D9F09 /* SecondViewController.swift */,
				49742CB01EA65880000D9F09 /* Main.storyboard */,
				499C81771EA7D8E20060C252 /* LoginViewController.swift */,
				49FE6E3C1EA9766700C11871 /* LoginView.swift */,
				499C81791EA7ED700060C252 /* CreateAccountViewController.swift */,
				49742CB31EA65880000D9F09 /* Assets.xcassets */,
				49742CB51EA65880000D9F09 /* LaunchScreen.storyboard */,
				49742CB81EA65880000D9F09 /* Info.plist */,
			);
			path = "Delivery Tracker";
			sourceTree = "<group>";
		};
		49742CC01EA65881000D9F09 /* Delivery TrackerTests */ = {
			isa = PBXGroup;
			children = (
				49742CC11EA65881000D9F09 /* Delivery_TrackerTests.swift */,
				49742CC31EA65881000D9F09 /* Info.plist */,
			);
			path = "Delivery TrackerTests";
			sourceTree = "<group>";
		};
		49742CCB1EA65881000D9F09 /* Delivery TrackerUITests */ = {
			isa = PBXGroup;
			children = (
				49742CCC1EA65881000D9F09 /* Delivery_TrackerUITests.swift */,
				49742CCE1EA65881000D9F09 /* Info.plist */,
			);
			path = "Delivery TrackerUITests";
			sourceTree = "<group>";
		};
		7214599A7F1C123977D4EA1F /* Pods */ = {
			isa = PBXGroup;
			children = (
				E52489DF83CE8373399228ED /* Pods-Delivery Tracker.debug.xcconfig */,
				D7192919EEB3487749920A3B /* Pods-Delivery Tracker.release.xcconfig */,
				15DB13B4B9A610BAA4416B3B /* Pods-Delivery TrackerTests.debug.xcconfig */,
				736449B6562396F37E292812 /* Pods-Delivery TrackerTests.release.xcconfig */,
				E3138875A533FC36EF0E31F8 /* Pods-Delivery TrackerUITests.debug.xcconfig */,
				092B3AF0913C636495194420 /* Pods-Delivery TrackerUITests.release.xcconfig */,
			);
			name = Pods;
			sourceTree = "<group>";
		};
/* End PBXGroup section */

/* Begin PBXNativeTarget section */
		49742CA61EA65880000D9F09 /* Delivery Tracker */ = {
			isa = PBXNativeTarget;
			buildConfigurationList = 49742CD11EA65881000D9F09 /* Build configuration list for PBXNativeTarget "Delivery Tracker" */;
			buildPhases = (
				B95CFBDA4207BD5C04985F0C /* [CP] Check Pods Manifest.lock */,
				49742CA31EA65880000D9F09 /* Sources */,
				49742CA41EA65880000D9F09 /* Frameworks */,
				49742CA51EA65880000D9F09 /* Resources */,
				B400E60779F6A781EAF9AF7A /* [CP] Embed Pods Frameworks */,
				1DBC7C9A586EF9276F858957 /* [CP] Copy Pods Resources */,
			);
			buildRules = (
			);
			dependencies = (
			);
			name = "Delivery Tracker";
			productName = "Delivery Tracker";
			productReference = 49742CA71EA65880000D9F09 /* Delivery Tracker.app */;
			productType = "com.apple.product-type.application";
		};
		49742CBC1EA65881000D9F09 /* Delivery TrackerTests */ = {
			isa = PBXNativeTarget;
			buildConfigurationList = 49742CD41EA65881000D9F09 /* Build configuration list for PBXNativeTarget "Delivery TrackerTests" */;
			buildPhases = (
				D6455F3D4F462D5F8E57965A /* [CP] Check Pods Manifest.lock */,
				49742CB91EA65881000D9F09 /* Sources */,
				49742CBA1EA65881000D9F09 /* Frameworks */,
				49742CBB1EA65881000D9F09 /* Resources */,
				83F03E04AD437F16F5672194 /* [CP] Embed Pods Frameworks */,
				7FE33D580D382F63B8E4E007 /* [CP] Copy Pods Resources */,
			);
			buildRules = (
			);
			dependencies = (
				49742CBF1EA65881000D9F09 /* PBXTargetDependency */,
			);
			name = "Delivery TrackerTests";
			productName = "Delivery TrackerTests";
			productReference = 49742CBD1EA65881000D9F09 /* Delivery TrackerTests.xctest */;
			productType = "com.apple.product-type.bundle.unit-test";
		};
		49742CC71EA65881000D9F09 /* Delivery TrackerUITests */ = {
			isa = PBXNativeTarget;
			buildConfigurationList = 49742CD71EA65881000D9F09 /* Build configuration list for PBXNativeTarget "Delivery TrackerUITests" */;
			buildPhases = (
				9BD7C7FA3D4D4FE8A5AE3652 /* [CP] Check Pods Manifest.lock */,
				49742CC41EA65881000D9F09 /* Sources */,
				49742CC51EA65881000D9F09 /* Frameworks */,
				49742CC61EA65881000D9F09 /* Resources */,
				C672303066DF7BFD91D2ADC0 /* [CP] Embed Pods Frameworks */,
				09FCE1E22705DB8430590B7F /* [CP] Copy Pods Resources */,
			);
			buildRules = (
			);
			dependencies = (
				49742CCA1EA65881000D9F09 /* PBXTargetDependency */,
			);
			name = "Delivery TrackerUITests";
			productName = "Delivery TrackerUITests";
			productReference = 49742CC81EA65881000D9F09 /* Delivery TrackerUITests.xctest */;
			productType = "com.apple.product-type.bundle.ui-testing";
		};
/* End PBXNativeTarget section */

/* Begin PBXProject section */
		49742C9F1EA65880000D9F09 /* Project object */ = {
			isa = PBXProject;
			attributes = {
				LastSwiftUpdateCheck = 0820;
				LastUpgradeCheck = 0820;
				ORGANIZATIONNAME = "Andrew Demoleas";
				TargetAttributes = {
					49742CA61EA65880000D9F09 = {
						CreatedOnToolsVersion = 8.2.1;
						ProvisioningStyle = Automatic;
					};
					49742CBC1EA65881000D9F09 = {
						CreatedOnToolsVersion = 8.2.1;
						ProvisioningStyle = Automatic;
						TestTargetID = 49742CA61EA65880000D9F09;
					};
					49742CC71EA65881000D9F09 = {
						CreatedOnToolsVersion = 8.2.1;
						ProvisioningStyle = Automatic;
						TestTargetID = 49742CA61EA65880000D9F09;
					};
				};
			};
			buildConfigurationList = 49742CA21EA65880000D9F09 /* Build configuration list for PBXProject "Delivery Tracker" */;
			compatibilityVersion = "Xcode 3.2";
			developmentRegion = English;
			hasScannedForEncodings = 0;
			knownRegions = (
				en,
				Base,
			);
			mainGroup = 49742C9E1EA65880000D9F09;
			productRefGroup = 49742CA81EA65880000D9F09 /* Products */;
			projectDirPath = "";
			projectRoot = "";
			targets = (
				49742CA61EA65880000D9F09 /* Delivery Tracker */,
				49742CBC1EA65881000D9F09 /* Delivery TrackerTests */,
				49742CC71EA65881000D9F09 /* Delivery TrackerUITests */,
			);
		};
/* End PBXProject section */

/* Begin PBXResourcesBuildPhase section */
		49742CA51EA65880000D9F09 /* Resources */ = {
			isa = PBXResourcesBuildPhase;
			buildActionMask = 2147483647;
			files = (
				49742CB71EA65880000D9F09 /* LaunchScreen.storyboard in Resources */,
				49742CB41EA65880000D9F09 /* Assets.xcassets in Resources */,
				49742CB21EA65880000D9F09 /* Main.storyboard in Resources */,
			);
			runOnlyForDeploymentPostprocessing = 0;
		};
		49742CBB1EA65881000D9F09 /* Resources */ = {
			isa = PBXResourcesBuildPhase;
			buildActionMask = 2147483647;
			files = (
			);
			runOnlyForDeploymentPostprocessing = 0;
		};
		49742CC61EA65881000D9F09 /* Resources */ = {
			isa = PBXResourcesBuildPhase;
			buildActionMask = 2147483647;
			files = (
			);
			runOnlyForDeploymentPostprocessing = 0;
		};
/* End PBXResourcesBuildPhase section */

/* Begin PBXShellScriptBuildPhase section */
		09FCE1E22705DB8430590B7F /* [CP] Copy Pods Resources */ = {
			isa = PBXShellScriptBuildPhase;
			buildActionMask = 2147483647;
			files = (
			);
			inputPaths = (
			);
			name = "[CP] Copy Pods Resources";
			outputPaths = (
			);
			runOnlyForDeploymentPostprocessing = 0;
			shellPath = /bin/sh;
			shellScript = "\"${SRCROOT}/Pods/Target Support Files/Pods-Delivery TrackerUITests/Pods-Delivery TrackerUITests-resources.sh\"\n";
			showEnvVarsInLog = 0;
		};
		1DBC7C9A586EF9276F858957 /* [CP] Copy Pods Resources */ = {
			isa = PBXShellScriptBuildPhase;
			buildActionMask = 2147483647;
			files = (
			);
			inputPaths = (
			);
			name = "[CP] Copy Pods Resources";
			outputPaths = (
			);
			runOnlyForDeploymentPostprocessing = 0;
			shellPath = /bin/sh;
			shellScript = "\"${SRCROOT}/Pods/Target Support Files/Pods-Delivery Tracker/Pods-Delivery Tracker-resources.sh\"\n";
			showEnvVarsInLog = 0;
		};
		7FE33D580D382F63B8E4E007 /* [CP] Copy Pods Resources */ = {
			isa = PBXShellScriptBuildPhase;
			buildActionMask = 2147483647;
			files = (
			);
			inputPaths = (
			);
			name = "[CP] Copy Pods Resources";
			outputPaths = (
			);
			runOnlyForDeploymentPostprocessing = 0;
			shellPath = /bin/sh;
			shellScript = "\"${SRCROOT}/Pods/Target Support Files/Pods-Delivery TrackerTests/Pods-Delivery TrackerTests-resources.sh\"\n";
			showEnvVarsInLog = 0;
		};
		83F03E04AD437F16F5672194 /* [CP] Embed Pods Frameworks */ = {
			isa = PBXShellScriptBuildPhase;
			buildActionMask = 2147483647;
			files = (
			);
			inputPaths = (
			);
			name = "[CP] Embed Pods Frameworks";
			outputPaths = (
			);
			runOnlyForDeploymentPostprocessing = 0;
			shellPath = /bin/sh;
			shellScript = "\"${SRCROOT}/Pods/Target Support Files/Pods-Delivery TrackerTests/Pods-Delivery TrackerTests-frameworks.sh\"\n";
			showEnvVarsInLog = 0;
		};
		9BD7C7FA3D4D4FE8A5AE3652 /* [CP] Check Pods Manifest.lock */ = {
			isa = PBXShellScriptBuildPhase;
			buildActionMask = 2147483647;
			files = (
			);
			inputPaths = (
			);
			name = "[CP] Check Pods Manifest.lock";
			outputPaths = (
			);
			runOnlyForDeploymentPostprocessing = 0;
			shellPath = /bin/sh;
			shellScript = "diff \"${PODS_PODFILE_DIR_PATH}/Podfile.lock\" \"${PODS_ROOT}/Manifest.lock\" > /dev/null\nif [ $? != 0 ] ; then\n    # print error to STDERR\n    echo \"error: The sandbox is not in sync with the Podfile.lock. Run 'pod install' or update your CocoaPods installation.\" >&2\n    exit 1\nfi\n";
			showEnvVarsInLog = 0;
		};
		B400E60779F6A781EAF9AF7A /* [CP] Embed Pods Frameworks */ = {
			isa = PBXShellScriptBuildPhase;
			buildActionMask = 2147483647;
			files = (
			);
			inputPaths = (
			);
			name = "[CP] Embed Pods Frameworks";
			outputPaths = (
			);
			runOnlyForDeploymentPostprocessing = 0;
			shellPath = /bin/sh;
			shellScript = "\"${SRCROOT}/Pods/Target Support Files/Pods-Delivery Tracker/Pods-Delivery Tracker-frameworks.sh\"\n";
			showEnvVarsInLog = 0;
		};
		B95CFBDA4207BD5C04985F0C /* [CP] Check Pods Manifest.lock */ = {
			isa = PBXShellScriptBuildPhase;
			buildActionMask = 2147483647;
			files = (
			);
			inputPaths = (
			);
			name = "[CP] Check Pods Manifest.lock";
			outputPaths = (
			);
			runOnlyForDeploymentPostprocessing = 0;
			shellPath = /bin/sh;
			shellScript = "diff \"${PODS_PODFILE_DIR_PATH}/Podfile.lock\" \"${PODS_ROOT}/Manifest.lock\" > /dev/null\nif [ $? != 0 ] ; then\n    # print error to STDERR\n    echo \"error: The sandbox is not in sync with the Podfile.lock. Run 'pod install' or update your CocoaPods installation.\" >&2\n    exit 1\nfi\n";
			showEnvVarsInLog = 0;
		};
		C672303066DF7BFD91D2ADC0 /* [CP] Embed Pods Frameworks */ = {
			isa = PBXShellScriptBuildPhase;
			buildActionMask = 2147483647;
			files = (
			);
			inputPaths = (
			);
			name = "[CP] Embed Pods Frameworks";
			outputPaths = (
			);
			runOnlyForDeploymentPostprocessing = 0;
			shellPath = /bin/sh;
			shellScript = "\"${SRCROOT}/Pods/Target Support Files/Pods-Delivery TrackerUITests/Pods-Delivery TrackerUITests-frameworks.sh\"\n";
			showEnvVarsInLog = 0;
		};
		D6455F3D4F462D5F8E57965A /* [CP] Check Pods Manifest.lock */ = {
			isa = PBXShellScriptBuildPhase;
			buildActionMask = 2147483647;
			files = (
			);
			inputPaths = (
			);
			name = "[CP] Check Pods Manifest.lock";
			outputPaths = (
			);
			runOnlyForDeploymentPostprocessing = 0;
			shellPath = /bin/sh;
			shellScript = "diff \"${PODS_PODFILE_DIR_PATH}/Podfile.lock\" \"${PODS_ROOT}/Manifest.lock\" > /dev/null\nif [ $? != 0 ] ; then\n    # print error to STDERR\n    echo \"error: The sandbox is not in sync with the Podfile.lock. Run 'pod install' or update your CocoaPods installation.\" >&2\n    exit 1\nfi\n";
			showEnvVarsInLog = 0;
		};
/* End PBXShellScriptBuildPhase section */

/* Begin PBXSourcesBuildPhase section */
		49742CA31EA65880000D9F09 /* Sources */ = {
			isa = PBXSourcesBuildPhase;
			buildActionMask = 2147483647;
			files = (
				49FE6E3D1EA9766700C11871 /* LoginView.swift in Sources */,
				499C817A1EA7ED700060C252 /* CreateAccountViewController.swift in Sources */,
				499C81781EA7D8E20060C252 /* LoginViewController.swift in Sources */,
				49742CAF1EA65880000D9F09 /* SecondViewController.swift in Sources */,
				49742CAB1EA65880000D9F09 /* AppDelegate.swift in Sources */,
				49742CAD1EA65880000D9F09 /* FirstViewController.swift in Sources */,
			);
			runOnlyForDeploymentPostprocessing = 0;
		};
		49742CB91EA65881000D9F09 /* Sources */ = {
			isa = PBXSourcesBuildPhase;
			buildActionMask = 2147483647;
			files = (
				49742CC21EA65881000D9F09 /* Delivery_TrackerTests.swift in Sources */,
			);
			runOnlyForDeploymentPostprocessing = 0;
		};
		49742CC41EA65881000D9F09 /* Sources */ = {
			isa = PBXSourcesBuildPhase;
			buildActionMask = 2147483647;
			files = (
				49742CCD1EA65881000D9F09 /* Delivery_TrackerUITests.swift in Sources */,
			);
			runOnlyForDeploymentPostprocessing = 0;
		};
/* End PBXSourcesBuildPhase section */

/* Begin PBXTargetDependency section */
		49742CBF1EA65881000D9F09 /* PBXTargetDependency */ = {
			isa = PBXTargetDependency;
			target = 49742CA61EA65880000D9F09 /* Delivery Tracker */;
			targetProxy = 49742CBE1EA65881000D9F09 /* PBXContainerItemProxy */;
		};
		49742CCA1EA65881000D9F09 /* PBXTargetDependency */ = {
			isa = PBXTargetDependency;
			target = 49742CA61EA65880000D9F09 /* Delivery Tracker */;
			targetProxy = 49742CC91EA65881000D9F09 /* PBXContainerItemProxy */;
		};
/* End PBXTargetDependency section */

/* Begin PBXVariantGroup section */
		49742CB01EA65880000D9F09 /* Main.storyboard */ = {
			isa = PBXVariantGroup;
			children = (
				49742CB11EA65880000D9F09 /* Base */,
			);
			name = Main.storyboard;
			sourceTree = "<group>";
		};
		49742CB51EA65880000D9F09 /* LaunchScreen.storyboard */ = {
			isa = PBXVariantGroup;
			children = (
				49742CB61EA65880000D9F09 /* Base */,
			);
			name = LaunchScreen.storyboard;
			sourceTree = "<group>";
		};
/* End PBXVariantGroup section */

/* Begin XCBuildConfiguration section */
		49742CCF1EA65881000D9F09 /* Debug */ = {
			isa = XCBuildConfiguration;
			buildSettings = {
				ALWAYS_SEARCH_USER_PATHS = NO;
				CLANG_ANALYZER_NONNULL = YES;
				CLANG_CXX_LANGUAGE_STANDARD = "gnu++0x";
				CLANG_CXX_LIBRARY = "libc++";
				CLANG_ENABLE_MODULES = YES;
				CLANG_ENABLE_OBJC_ARC = YES;
				CLANG_WARN_BOOL_CONVERSION = YES;
				CLANG_WARN_CONSTANT_CONVERSION = YES;
				CLANG_WARN_DIRECT_OBJC_ISA_USAGE = YES_ERROR;
				CLANG_WARN_DOCUMENTATION_COMMENTS = YES;
				CLANG_WARN_EMPTY_BODY = YES;
				CLANG_WARN_ENUM_CONVERSION = YES;
				CLANG_WARN_INFINITE_RECURSION = YES;
				CLANG_WARN_INT_CONVERSION = YES;
				CLANG_WARN_OBJC_ROOT_CLASS = YES_ERROR;
				CLANG_WARN_SUSPICIOUS_MOVE = YES;
				CLANG_WARN_UNREACHABLE_CODE = YES;
				CLANG_WARN__DUPLICATE_METHOD_MATCH = YES;
				"CODE_SIGN_IDENTITY[sdk=iphoneos*]" = "iPhone Developer";
				COPY_PHASE_STRIP = NO;
				DEBUG_INFORMATION_FORMAT = dwarf;
				ENABLE_STRICT_OBJC_MSGSEND = YES;
				ENABLE_TESTABILITY = YES;
				GCC_C_LANGUAGE_STANDARD = gnu99;
				GCC_DYNAMIC_NO_PIC = NO;
				GCC_NO_COMMON_BLOCKS = YES;
				GCC_OPTIMIZATION_LEVEL = 0;
				GCC_PREPROCESSOR_DEFINITIONS = (
					"DEBUG=1",
					"$(inherited)",
				);
				GCC_WARN_64_TO_32_BIT_CONVERSION = YES;
				GCC_WARN_ABOUT_RETURN_TYPE = YES_ERROR;
				GCC_WARN_UNDECLARED_SELECTOR = YES;
				GCC_WARN_UNINITIALIZED_AUTOS = YES_AGGRESSIVE;
				GCC_WARN_UNUSED_FUNCTION = YES;
				GCC_WARN_UNUSED_VARIABLE = YES;
				IPHONEOS_DEPLOYMENT_TARGET = 10.2;
				MTL_ENABLE_DEBUG_INFO = YES;
				ONLY_ACTIVE_ARCH = YES;
				SDKROOT = iphoneos;
				SWIFT_ACTIVE_COMPILATION_CONDITIONS = DEBUG;
				SWIFT_OPTIMIZATION_LEVEL = "-Onone";
			};
			name = Debug;
		};
		49742CD01EA65881000D9F09 /* Release */ = {
			isa = XCBuildConfiguration;
			buildSettings = {
				ALWAYS_SEARCH_USER_PATHS = NO;
				CLANG_ANALYZER_NONNULL = YES;
				CLANG_CXX_LANGUAGE_STANDARD = "gnu++0x";
				CLANG_CXX_LIBRARY = "libc++";
				CLANG_ENABLE_MODULES = YES;
				CLANG_ENABLE_OBJC_ARC = YES;
				CLANG_WARN_BOOL_CONVERSION = YES;
				CLANG_WARN_CONSTANT_CONVERSION = YES;
				CLANG_WARN_DIRECT_OBJC_ISA_USAGE = YES_ERROR;
				CLANG_WARN_DOCUMENTATION_COMMENTS = YES;
				CLANG_WARN_EMPTY_BODY = YES;
				CLANG_WARN_ENUM_CONVERSION = YES;
				CLANG_WARN_INFINITE_RECURSION = YES;
				CLANG_WARN_INT_CONVERSION = YES;
				CLANG_WARN_OBJC_ROOT_CLASS = YES_ERROR;
				CLANG_WARN_SUSPICIOUS_MOVE = YES;
				CLANG_WARN_UNREACHABLE_CODE = YES;
				CLANG_WARN__DUPLICATE_METHOD_MATCH = YES;
				"CODE_SIGN_IDENTITY[sdk=iphoneos*]" = "iPhone Developer";
				COPY_PHASE_STRIP = NO;
				DEBUG_INFORMATION_FORMAT = "dwarf-with-dsym";
				ENABLE_NS_ASSERTIONS = NO;
				ENABLE_STRICT_OBJC_MSGSEND = YES;
				GCC_C_LANGUAGE_STANDARD = gnu99;
				GCC_NO_COMMON_BLOCKS = YES;
				GCC_WARN_64_TO_32_BIT_CONVERSION = YES;
				GCC_WARN_ABOUT_RETURN_TYPE = YES_ERROR;
				GCC_WARN_UNDECLARED_SELECTOR = YES;
				GCC_WARN_UNINITIALIZED_AUTOS = YES_AGGRESSIVE;
				GCC_WARN_UNUSED_FUNCTION = YES;
				GCC_WARN_UNUSED_VARIABLE = YES;
				IPHONEOS_DEPLOYMENT_TARGET = 10.2;
				MTL_ENABLE_DEBUG_INFO = NO;
				SDKROOT = iphoneos;
				SWIFT_OPTIMIZATION_LEVEL = "-Owholemodule";
				VALIDATE_PRODUCT = YES;
			};
			name = Release;
		};
		49742CD21EA65881000D9F09 /* Debug */ = {
			isa = XCBuildConfiguration;
			baseConfigurationReference = E52489DF83CE8373399228ED /* Pods-Delivery Tracker.debug.xcconfig */;
			buildSettings = {
				ASSETCATALOG_COMPILER_APPICON_NAME = AppIcon;
				INFOPLIST_FILE = "Delivery Tracker/Info.plist";
				IPHONEOS_DEPLOYMENT_TARGET = 10.3;
				LD_RUNPATH_SEARCH_PATHS = "$(inherited) @executable_path/Frameworks";
				PRODUCT_BUNDLE_IDENTIFIER = "Andrew-Demoleas.Delivery-Tracker";
				PRODUCT_NAME = "$(TARGET_NAME)";
				SWIFT_VERSION = 3.0;
			};
			name = Debug;
		};
		49742CD31EA65881000D9F09 /* Release */ = {
			isa = XCBuildConfiguration;
			baseConfigurationReference = D7192919EEB3487749920A3B /* Pods-Delivery Tracker.release.xcconfig */;
			buildSettings = {
				ASSETCATALOG_COMPILER_APPICON_NAME = AppIcon;
				INFOPLIST_FILE = "Delivery Tracker/Info.plist";
				IPHONEOS_DEPLOYMENT_TARGET = 10.3;
				LD_RUNPATH_SEARCH_PATHS = "$(inherited) @executable_path/Frameworks";
				PRODUCT_BUNDLE_IDENTIFIER = "Andrew-Demoleas.Delivery-Tracker";
				PRODUCT_NAME = "$(TARGET_NAME)";
				SWIFT_VERSION = 3.0;
			};
			name = Release;
		};
		49742CD51EA65881000D9F09 /* Debug */ = {
			isa = XCBuildConfiguration;
			baseConfigurationReference = 15DB13B4B9A610BAA4416B3B /* Pods-Delivery TrackerTests.debug.xcconfig */;
			buildSettings = {
				ALWAYS_EMBED_SWIFT_STANDARD_LIBRARIES = YES;
				BUNDLE_LOADER = "$(TEST_HOST)";
				INFOPLIST_FILE = "Delivery TrackerTests/Info.plist";
				LD_RUNPATH_SEARCH_PATHS = "$(inherited) @executable_path/Frameworks @loader_path/Frameworks";
				PRODUCT_BUNDLE_IDENTIFIER = "Andrew-Demoleas.Delivery-TrackerTests";
				PRODUCT_NAME = "$(TARGET_NAME)";
				SWIFT_VERSION = 3.0;
				TEST_HOST = "$(BUILT_PRODUCTS_DIR)/Delivery Tracker.app/Delivery Tracker";
			};
			name = Debug;
		};
		49742CD61EA65881000D9F09 /* Release */ = {
			isa = XCBuildConfiguration;
			baseConfigurationReference = 736449B6562396F37E292812 /* Pods-Delivery TrackerTests.release.xcconfig */;
			buildSettings = {
				ALWAYS_EMBED_SWIFT_STANDARD_LIBRARIES = YES;
				BUNDLE_LOADER = "$(TEST_HOST)";
				INFOPLIST_FILE = "Delivery TrackerTests/Info.plist";
				LD_RUNPATH_SEARCH_PATHS = "$(inherited) @executable_path/Frameworks @loader_path/Frameworks";
				PRODUCT_BUNDLE_IDENTIFIER = "Andrew-Demoleas.Delivery-TrackerTests";
				PRODUCT_NAME = "$(TARGET_NAME)";
				SWIFT_VERSION = 3.0;
				TEST_HOST = "$(BUILT_PRODUCTS_DIR)/Delivery Tracker.app/Delivery Tracker";
			};
			name = Release;
		};
		49742CD81EA65881000D9F09 /* Debug */ = {
			isa = XCBuildConfiguration;
			baseConfigurationReference = E3138875A533FC36EF0E31F8 /* Pods-Delivery TrackerUITests.debug.xcconfig */;
			buildSettings = {
				ALWAYS_EMBED_SWIFT_STANDARD_LIBRARIES = YES;
				INFOPLIST_FILE = "Delivery TrackerUITests/Info.plist";
				LD_RUNPATH_SEARCH_PATHS = "$(inherited) @executable_path/Frameworks @loader_path/Frameworks";
				PRODUCT_BUNDLE_IDENTIFIER = "Andrew-Demoleas.Delivery-TrackerUITests";
				PRODUCT_NAME = "$(TARGET_NAME)";
				SWIFT_VERSION = 3.0;
				TEST_TARGET_NAME = "Delivery Tracker";
			};
			name = Debug;
		};
		49742CD91EA65881000D9F09 /* Release */ = {
			isa = XCBuildConfiguration;
			baseConfigurationReference = 092B3AF0913C636495194420 /* Pods-Delivery TrackerUITests.release.xcconfig */;
			buildSettings = {
				ALWAYS_EMBED_SWIFT_STANDARD_LIBRARIES = YES;
				INFOPLIST_FILE = "Delivery TrackerUITests/Info.plist";
				LD_RUNPATH_SEARCH_PATHS = "$(inherited) @executable_path/Frameworks @loader_path/Frameworks";
				PRODUCT_BUNDLE_IDENTIFIER = "Andrew-Demoleas.Delivery-TrackerUITests";
				PRODUCT_NAME = "$(TARGET_NAME)";
				SWIFT_VERSION = 3.0;
				TEST_TARGET_NAME = "Delivery Tracker";
			};
			name = Release;
		};
/* End XCBuildConfiguration section */

/* Begin XCConfigurationList section */
		49742CA21EA65880000D9F09 /* Build configuration list for PBXProject "Delivery Tracker" */ = {
			isa = XCConfigurationList;
			buildConfigurations = (
				49742CCF1EA65881000D9F09 /* Debug */,
				49742CD01EA65881000D9F09 /* Release */,
			);
			defaultConfigurationIsVisible = 0;
			defaultConfigurationName = Release;
		};
		49742CD11EA65881000D9F09 /* Build configuration list for PBXNativeTarget "Delivery Tracker" */ = {
			isa = XCConfigurationList;
			buildConfigurations = (
				49742CD21EA65881000D9F09 /* Debug */,
				49742CD31EA65881000D9F09 /* Release */,
			);
			defaultConfigurationIsVisible = 0;
			defaultConfigurationName = Release;
		};
		49742CD41EA65881000D9F09 /* Build configuration list for PBXNativeTarget "Delivery TrackerTests" */ = {
			isa = XCConfigurationList;
			buildConfigurations = (
				49742CD51EA65881000D9F09 /* Debug */,
				49742CD61EA65881000D9F09 /* Release */,
			);
			defaultConfigurationIsVisible = 0;
			defaultConfigurationName = Release;
		};
		49742CD71EA65881000D9F09 /* Build configuration list for PBXNativeTarget "Delivery TrackerUITests" */ = {
			isa = XCConfigurationList;
			buildConfigurations = (
				49742CD81EA65881000D9F09 /* Debug */,
				49742CD91EA65881000D9F09 /* Release */,
			);
			defaultConfigurationIsVisible = 0;
			defaultConfigurationName = Release;
		};
/* End XCConfigurationList section */
	};
	rootObject = 49742C9F1EA65880000D9F09 /* Project object */;
}
